
Microsoft Visual Studio Solution File, Format Version 12.00
# Visual Studio Version 17
VisualStudioVersion = 17.4.33122.133
MinimumVisualStudioVersion = 10.0.40219.1
Project("{2150E333-8FDC-42A3-9474-1A3956D46DE8}") = "Services", "Services", "{EBF4CF0F-4D9A-4F17-9E4B-06BBEBF61FB9}"
EndProject
Project("{2150E333-8FDC-42A3-9474-1A3956D46DE8}") = "Catalog", "Catalog", "{3BE3C557-603B-4EDD-8DC0-75C51BF0015B}"
EndProject
Project("{9A19103F-16F7-4668-BE54-9A1E7A4F7556}") = "Catalog.API", "Services\Catalog\Catalog.API\Catalog.API.csproj", "{A0C40D05-0260-436A-A3BE-B45A06394FD0}"
EndProject
Project("{E53339B2-1760-4266-BCC7-CA923CBCF16C}") = "docker-compose", "docker-compose.dcproj", "{4CE050F5-5591-4CFA-AC85-7DA3B0BBC5C8}"
EndProject
Project("{9A19103F-16F7-4668-BE54-9A1E7A4F7556}") = "Catalog.UnitTest", "Services\Catalog\Catalog.UnitTest\Catalog.UnitTest.csproj", "{888AFB81-8E7A-43B1-BB00-8D2D40FFC311}"
EndProject
Project("{2150E333-8FDC-42A3-9474-1A3956D46DE8}") = "Basket", "Basket", "{068E2975-4460-4173-8CA7-1145446BD664}"
EndProject
Project("{9A19103F-16F7-4668-BE54-9A1E7A4F7556}") = "Basket.API", "Services\Basket\Basket.API\Basket.API.csproj", "{0B8389AB-FDA3-4E5A-AFA7-EB945FB3BCCF}"
EndProject
Project("{2150E333-8FDC-42A3-9474-1A3956D46DE8}") = "Discount", "Discount", "{C2141288-C44E-4C93-A243-02A3F212B453}"
EndProject
Project("{9A19103F-16F7-4668-BE54-9A1E7A4F7556}") = "Discount.API", "Services\Discount\Discount.API\Discount.API.csproj", "{5615449D-42BA-4FE8-A064-30808C41FEAA}"
EndProject
Project("{9A19103F-16F7-4668-BE54-9A1E7A4F7556}") = "Discount.gRPC", "Services\Discount\Discount.gRPC\Discount.gRPC.csproj", "{08C81591-AD3F-4A68-BE68-01B864D2647A}"
EndProject
Project("{2150E333-8FDC-42A3-9474-1A3956D46DE8}") = "Ordering", "Ordering", "{0C377F64-EA67-4D25-AFEA-14F17A63D74C}"
EndProject
Project("{9A19103F-16F7-4668-BE54-9A1E7A4F7556}") = "Ordering.API", "Services\Ordering\Ordering.API\Ordering.API.csproj", "{DAA7F1DE-A8D0-4CD3-BAEB-793D39AF7C86}"
EndProject
Project("{9A19103F-16F7-4668-BE54-9A1E7A4F7556}") = "Ordering.Domain", "Services\Ordering\Ordering.Domain\Ordering.Domain.csproj", "{A2E6F342-71D8-4594-A5BF-DA747F3497C2}"
EndProject
Project("{9A19103F-16F7-4668-BE54-9A1E7A4F7556}") = "Ordering.Application", "Services\Ordering\Ordering.Application\Ordering.Application.csproj", "{10D17994-DB11-44FC-B190-30BD24259F5F}"
EndProject
Project("{9A19103F-16F7-4668-BE54-9A1E7A4F7556}") = "Ordering.Infrastructure", "Services\Ordering\Ordering.Infrastructure\Ordering.Infrastructure.csproj", "{A4DA94B0-655F-4CB6-AC94-1DD865CD46F0}"
EndProject
Project("{2150E333-8FDC-42A3-9474-1A3956D46DE8}") = "BuildingBlocks", "BuildingBlocks", "{D2F6B58D-374F-40A1-B2EF-5FEDDBA60159}"
EndProject
Project("{9A19103F-16F7-4668-BE54-9A1E7A4F7556}") = "EventBus.Message", "BuildingBlocks\EventBus.Message\EventBus.Message.csproj", "{39F6CE58-9906-4B88-9556-5DBBFAD269C7}"
EndProject
Project("{FAE04EC0-301F-11D3-BF4B-00C04F79EFBC}") = "Basket.UnitTest", "Services\Basket\Basket.UnitTest\Basket.UnitTest.csproj", "{E5303130-B0E3-4B22-A5D9-3BDC2482EA30}"
EndProject
Project("{FAE04EC0-301F-11D3-BF4B-00C04F79EFBC}") = "Discount.UnitTest", "Services\Discount\Discount.UnitTest\Discount.UnitTest.csproj", "{9ACBC401-21E7-42E5-AE87-6FEAC9381869}"
EndProject
Project("{FAE04EC0-301F-11D3-BF4B-00C04F79EFBC}") = "Ordering.UnitTest", "Services\Ordering\Ordering.UnitTest\Ordering.UnitTest.csproj", "{C6109026-799F-4635-8D4F-C8EBF8890518}"
EndProject
Global
	GlobalSection(SolutionConfigurationPlatforms) = preSolution
		Debug|Any CPU = Debug|Any CPU
		Release|Any CPU = Release|Any CPU
	EndGlobalSection
	GlobalSection(ProjectConfigurationPlatforms) = postSolution
		{A0C40D05-0260-436A-A3BE-B45A06394FD0}.Debug|Any CPU.ActiveCfg = Debug|Any CPU
		{A0C40D05-0260-436A-A3BE-B45A06394FD0}.Debug|Any CPU.Build.0 = Debug|Any CPU
		{A0C40D05-0260-436A-A3BE-B45A06394FD0}.Release|Any CPU.ActiveCfg = Release|Any CPU
		{A0C40D05-0260-436A-A3BE-B45A06394FD0}.Release|Any CPU.Build.0 = Release|Any CPU
		{4CE050F5-5591-4CFA-AC85-7DA3B0BBC5C8}.Debug|Any CPU.ActiveCfg = Debug|Any CPU
		{4CE050F5-5591-4CFA-AC85-7DA3B0BBC5C8}.Debug|Any CPU.Build.0 = Debug|Any CPU
		{4CE050F5-5591-4CFA-AC85-7DA3B0BBC5C8}.Release|Any CPU.ActiveCfg = Release|Any CPU
		{4CE050F5-5591-4CFA-AC85-7DA3B0BBC5C8}.Release|Any CPU.Build.0 = Release|Any CPU
		{888AFB81-8E7A-43B1-BB00-8D2D40FFC311}.Debug|Any CPU.ActiveCfg = Debug|Any CPU
		{888AFB81-8E7A-43B1-BB00-8D2D40FFC311}.Debug|Any CPU.Build.0 = Debug|Any CPU
		{888AFB81-8E7A-43B1-BB00-8D2D40FFC311}.Release|Any CPU.ActiveCfg = Release|Any CPU
		{888AFB81-8E7A-43B1-BB00-8D2D40FFC311}.Release|Any CPU.Build.0 = Release|Any CPU
		{0B8389AB-FDA3-4E5A-AFA7-EB945FB3BCCF}.Debug|Any CPU.ActiveCfg = Debug|Any CPU
		{0B8389AB-FDA3-4E5A-AFA7-EB945FB3BCCF}.Debug|Any CPU.Build.0 = Debug|Any CPU
		{0B8389AB-FDA3-4E5A-AFA7-EB945FB3BCCF}.Release|Any CPU.ActiveCfg = Release|Any CPU
		{0B8389AB-FDA3-4E5A-AFA7-EB945FB3BCCF}.Release|Any CPU.Build.0 = Release|Any CPU
		{5615449D-42BA-4FE8-A064-30808C41FEAA}.Debug|Any CPU.ActiveCfg = Debug|Any CPU
		{5615449D-42BA-4FE8-A064-30808C41FEAA}.Debug|Any CPU.Build.0 = Debug|Any CPU
		{5615449D-42BA-4FE8-A064-30808C41FEAA}.Release|Any CPU.ActiveCfg = Release|Any CPU
		{5615449D-42BA-4FE8-A064-30808C41FEAA}.Release|Any CPU.Build.0 = Release|Any CPU
		{08C81591-AD3F-4A68-BE68-01B864D2647A}.Debug|Any CPU.ActiveCfg = Debug|Any CPU
		{08C81591-AD3F-4A68-BE68-01B864D2647A}.Debug|Any CPU.Build.0 = Debug|Any CPU
		{08C81591-AD3F-4A68-BE68-01B864D2647A}.Release|Any CPU.ActiveCfg = Release|Any CPU
		{08C81591-AD3F-4A68-BE68-01B864D2647A}.Release|Any CPU.Build.0 = Release|Any CPU
		{DAA7F1DE-A8D0-4CD3-BAEB-793D39AF7C86}.Debug|Any CPU.ActiveCfg = Debug|Any CPU
		{DAA7F1DE-A8D0-4CD3-BAEB-793D39AF7C86}.Debug|Any CPU.Build.0 = Debug|Any CPU
		{DAA7F1DE-A8D0-4CD3-BAEB-793D39AF7C86}.Release|Any CPU.ActiveCfg = Release|Any CPU
		{DAA7F1DE-A8D0-4CD3-BAEB-793D39AF7C86}.Release|Any CPU.Build.0 = Release|Any CPU
		{A2E6F342-71D8-4594-A5BF-DA747F3497C2}.Debug|Any CPU.ActiveCfg = Debug|Any CPU
		{A2E6F342-71D8-4594-A5BF-DA747F3497C2}.Debug|Any CPU.Build.0 = Debug|Any CPU
		{A2E6F342-71D8-4594-A5BF-DA747F3497C2}.Release|Any CPU.ActiveCfg = Release|Any CPU
		{A2E6F342-71D8-4594-A5BF-DA747F3497C2}.Release|Any CPU.Build.0 = Release|Any CPU
		{10D17994-DB11-44FC-B190-30BD24259F5F}.Debug|Any CPU.ActiveCfg = Debug|Any CPU
		{10D17994-DB11-44FC-B190-30BD24259F5F}.Debug|Any CPU.Build.0 = Debug|Any CPU
		{10D17994-DB11-44FC-B190-30BD24259F5F}.Release|Any CPU.ActiveCfg = Release|Any CPU
		{10D17994-DB11-44FC-B190-30BD24259F5F}.Release|Any CPU.Build.0 = Release|Any CPU
		{A4DA94B0-655F-4CB6-AC94-1DD865CD46F0}.Debug|Any CPU.ActiveCfg = Debug|Any CPU
		{A4DA94B0-655F-4CB6-AC94-1DD865CD46F0}.Debug|Any CPU.Build.0 = Debug|Any CPU
		{A4DA94B0-655F-4CB6-AC94-1DD865CD46F0}.Release|Any CPU.ActiveCfg = Release|Any CPU
		{A4DA94B0-655F-4CB6-AC94-1DD865CD46F0}.Release|Any CPU.Build.0 = Release|Any CPU
		{39F6CE58-9906-4B88-9556-5DBBFAD269C7}.Debug|Any CPU.ActiveCfg = Debug|Any CPU
		{39F6CE58-9906-4B88-9556-5DBBFAD269C7}.Debug|Any CPU.Build.0 = Debug|Any CPU
		{39F6CE58-9906-4B88-9556-5DBBFAD269C7}.Release|Any CPU.ActiveCfg = Release|Any CPU
		{39F6CE58-9906-4B88-9556-5DBBFAD269C7}.Release|Any CPU.Build.0 = Release|Any CPU
		{E5303130-B0E3-4B22-A5D9-3BDC2482EA30}.Debug|Any CPU.ActiveCfg = Debug|Any CPU
		{E5303130-B0E3-4B22-A5D9-3BDC2482EA30}.Debug|Any CPU.Build.0 = Debug|Any CPU
		{E5303130-B0E3-4B22-A5D9-3BDC2482EA30}.Release|Any CPU.ActiveCfg = Release|Any CPU
		{E5303130-B0E3-4B22-A5D9-3BDC2482EA30}.Release|Any CPU.Build.0 = Release|Any CPU
		{9ACBC401-21E7-42E5-AE87-6FEAC9381869}.Debug|Any CPU.ActiveCfg = Debug|Any CPU
		{9ACBC401-21E7-42E5-AE87-6FEAC9381869}.Debug|Any CPU.Build.0 = Debug|Any CPU
		{9ACBC401-21E7-42E5-AE87-6FEAC9381869}.Release|Any CPU.ActiveCfg = Release|Any CPU
		{9ACBC401-21E7-42E5-AE87-6FEAC9381869}.Release|Any CPU.Build.0 = Release|Any CPU
		{C6109026-799F-4635-8D4F-C8EBF8890518}.Debug|Any CPU.ActiveCfg = Debug|Any CPU
		{C6109026-799F-4635-8D4F-C8EBF8890518}.Debug|Any CPU.Build.0 = Debug|Any CPU
		{C6109026-799F-4635-8D4F-C8EBF8890518}.Release|Any CPU.ActiveCfg = Release|Any CPU
		{C6109026-799F-4635-8D4F-C8EBF8890518}.Release|Any CPU.Build.0 = Release|Any CPU
	EndGlobalSection
	GlobalSection(SolutionProperties) = preSolution
		HideSolutionNode = FALSE
	EndGlobalSection
	GlobalSection(NestedProjects) = preSolution
		{3BE3C557-603B-4EDD-8DC0-75C51BF0015B} = {EBF4CF0F-4D9A-4F17-9E4B-06BBEBF61FB9}
		{A0C40D05-0260-436A-A3BE-B45A06394FD0} = {3BE3C557-603B-4EDD-8DC0-75C51BF0015B}
		{888AFB81-8E7A-43B1-BB00-8D2D40FFC311} = {3BE3C557-603B-4EDD-8DC0-75C51BF0015B}
		{068E2975-4460-4173-8CA7-1145446BD664} = {EBF4CF0F-4D9A-4F17-9E4B-06BBEBF61FB9}
		{0B8389AB-FDA3-4E5A-AFA7-EB945FB3BCCF} = {068E2975-4460-4173-8CA7-1145446BD664}
		{C2141288-C44E-4C93-A243-02A3F212B453} = {EBF4CF0F-4D9A-4F17-9E4B-06BBEBF61FB9}
		{5615449D-42BA-4FE8-A064-30808C41FEAA} = {C2141288-C44E-4C93-A243-02A3F212B453}
		{08C81591-AD3F-4A68-BE68-01B864D2647A} = {C2141288-C44E-4C93-A243-02A3F212B453}
		{0C377F64-EA67-4D25-AFEA-14F17A63D74C} = {EBF4CF0F-4D9A-4F17-9E4B-06BBEBF61FB9}
		{DAA7F1DE-A8D0-4CD3-BAEB-793D39AF7C86} = {0C377F64-EA67-4D25-AFEA-14F17A63D74C}
		{A2E6F342-71D8-4594-A5BF-DA747F3497C2} = {0C377F64-EA67-4D25-AFEA-14F17A63D74C}
		{10D17994-DB11-44FC-B190-30BD24259F5F} = {0C377F64-EA67-4D25-AFEA-14F17A63D74C}
		{A4DA94B0-655F-4CB6-AC94-1DD865CD46F0} = {0C377F64-EA67-4D25-AFEA-14F17A63D74C}
		{39F6CE58-9906-4B88-9556-5DBBFAD269C7} = {D2F6B58D-374F-40A1-B2EF-5FEDDBA60159}
		{E5303130-B0E3-4B22-A5D9-3BDC2482EA30} = {068E2975-4460-4173-8CA7-1145446BD664}
		{9ACBC401-21E7-42E5-AE87-6FEAC9381869} = {C2141288-C44E-4C93-A243-02A3F212B453}
		{C6109026-799F-4635-8D4F-C8EBF8890518} = {0C377F64-EA67-4D25-AFEA-14F17A63D74C}
	EndGlobalSection
	GlobalSection(ExtensibilityGlobals) = postSolution
		SolutionGuid = {33AE9A92-282C-496F-A8A0-F8AF51DA80E6}
	EndGlobalSection
EndGlobal
