
Microsoft Visual Studio Solution File, Format Version 12.00
# Visual Studio Version 16
VisualStudioVersion = 16.0.31624.102
MinimumVisualStudioVersion = 10.0.40219.1
Project("{2150E333-8FDC-42A3-9474-1A3956D46DE8}") = "Services", "Services", "{EBF4CF0F-4D9A-4F17-9E4B-06BBEBF61FB9}"
EndProject
Project("{2150E333-8FDC-42A3-9474-1A3956D46DE8}") = "Catalog", "Catalog", "{3BE3C557-603B-4EDD-8DC0-75C51BF0015B}"
EndProject
Project("{9A19103F-16F7-4668-BE54-9A1E7A4F7556}") = "Catalog.API", "Services\Catalog\Catalog.API\Catalog.API.csproj", "{A0C40D05-0260-436A-A3BE-B45A06394FD0}"
EndProject
Project("{E53339B2-1760-4266-BCC7-CA923CBCF16C}") = "docker-compose", "docker-compose.dcproj", "{4CE050F5-5591-4CFA-AC85-7DA3B0BBC5C8}"
EndProject
Global
	GlobalSection(SolutionConfigurationPlatforms) = preSolution
		Debug|Any CPU = Debug|Any CPU
		Release|Any CPU = Release|Any CPU
	EndGlobalSection
	GlobalSection(ProjectConfigurationPlatforms) = postSolution
		{A0C40D05-0260-436A-A3BE-B45A06394FD0}.Debug|Any CPU.ActiveCfg = Debug|Any CPU
		{A0C40D05-0260-436A-A3BE-B45A06394FD0}.Debug|Any CPU.Build.0 = Debug|Any CPU
		{A0C40D05-0260-436A-A3BE-B45A06394FD0}.Release|Any CPU.ActiveCfg = Release|Any CPU
		{A0C40D05-0260-436A-A3BE-B45A06394FD0}.Release|Any CPU.Build.0 = Release|Any CPU
		{4CE050F5-5591-4CFA-AC85-7DA3B0BBC5C8}.Debug|Any CPU.ActiveCfg = Debug|Any CPU
		{4CE050F5-5591-4CFA-AC85-7DA3B0BBC5C8}.Debug|Any CPU.Build.0 = Debug|Any CPU
		{4CE050F5-5591-4CFA-AC85-7DA3B0BBC5C8}.Release|Any CPU.ActiveCfg = Release|Any CPU
		{4CE050F5-5591-4CFA-AC85-7DA3B0BBC5C8}.Release|Any CPU.Build.0 = Release|Any CPU
	EndGlobalSection
	GlobalSection(SolutionProperties) = preSolution
		HideSolutionNode = FALSE
	EndGlobalSection
	GlobalSection(NestedProjects) = preSolution
		{3BE3C557-603B-4EDD-8DC0-75C51BF0015B} = {EBF4CF0F-4D9A-4F17-9E4B-06BBEBF61FB9}
		{A0C40D05-0260-436A-A3BE-B45A06394FD0} = {3BE3C557-603B-4EDD-8DC0-75C51BF0015B}
	EndGlobalSection
	GlobalSection(ExtensibilityGlobals) = postSolution
		SolutionGuid = {33AE9A92-282C-496F-A8A0-F8AF51DA80E6}
	EndGlobalSection
EndGlobal
